
Microsoft Visual Studio Solution File, Format Version 12.00
# Visual Studio Version 17
VisualStudioVersion = 17.14.36221.1 d17.14
MinimumVisualStudioVersion = 10.0.40219.1
Project("{FAE04EC0-301F-11D3-BF4B-00C04F79EFBC}") = "array", "array\array.csproj", "{C83D367A-9888-4054-8585-832BDB464E87}"
EndProject
Global
	GlobalSection(SolutionConfigurationPlatforms) = preSolution
		Debug|Any CPU = Debug|Any CPU
		Release|Any CPU = Release|Any CPU
	EndGlobalSection
	GlobalSection(ProjectConfigurationPlatforms) = postSolution
		{C83D367A-9888-4054-8585-832BDB464E87}.Debug|Any CPU.ActiveCfg = Debug|Any CPU
		{C83D367A-9888-4054-8585-832BDB464E87}.Debug|Any CPU.Build.0 = Debug|Any CPU
		{C83D367A-9888-4054-8585-832BDB464E87}.Release|Any CPU.ActiveCfg = Release|Any CPU
		{C83D367A-9888-4054-8585-832BDB464E87}.Release|Any CPU.Build.0 = Release|Any CPU
	EndGlobalSection
	GlobalSection(SolutionProperties) = preSolution
		HideSolutionNode = FALSE
	EndGlobalSection
	GlobalSection(ExtensibilityGlobals) = postSolution
		SolutionGuid = {F77BD2E7-49D3-4190-8598-81B3902A9808}
	EndGlobalSection
EndGlobal
